// !$*UTF8*$!
{
	archiveVersion = 1;
	classes = {
	};
	objectVersion = 46;
	objects = {

/* Begin PBXBuildFile section */
		281830D91C9EA10F00CA2510 /* AppDelegate.swift in Sources */ = {isa = PBXBuildFile; fileRef = 281830D81C9EA10F00CA2510 /* AppDelegate.swift */; };
		281830DB1C9EA10F00CA2510 /* ViewController.swift in Sources */ = {isa = PBXBuildFile; fileRef = 281830DA1C9EA10F00CA2510 /* ViewController.swift */; };
		281830DE1C9EA10F00CA2510 /* Main.storyboard in Resources */ = {isa = PBXBuildFile; fileRef = 281830DC1C9EA10F00CA2510 /* Main.storyboard */; };
		281830E01C9EA10F00CA2510 /* Assets.xcassets in Resources */ = {isa = PBXBuildFile; fileRef = 281830DF1C9EA10F00CA2510 /* Assets.xcassets */; };
		281830E31C9EA10F00CA2510 /* LaunchScreen.storyboard in Resources */ = {isa = PBXBuildFile; fileRef = 281830E11C9EA10F00CA2510 /* LaunchScreen.storyboard */; };
		281830EE1C9EA10F00CA2510 /* military_calculatorTests.swift in Sources */ = {isa = PBXBuildFile; fileRef = 281830ED1C9EA10F00CA2510 /* military_calculatorTests.swift */; };
		281830F91C9EA10F00CA2510 /* military_calculatorUITests.swift in Sources */ = {isa = PBXBuildFile; fileRef = 281830F81C9EA10F00CA2510 /* military_calculatorUITests.swift */; };
/* End PBXBuildFile section */

/* Begin PBXContainerItemProxy section */
		281830EA1C9EA10F00CA2510 /* PBXContainerItemProxy */ = {
			isa = PBXContainerItemProxy;
			containerPortal = 281830CD1C9EA10F00CA2510 /* Project object */;
			proxyType = 1;
			remoteGlobalIDString = 281830D41C9EA10F00CA2510;
			remoteInfo = "military calculator";
		};
		281830F51C9EA10F00CA2510 /* PBXContainerItemProxy */ = {
			isa = PBXContainerItemProxy;
			containerPortal = 281830CD1C9EA10F00CA2510 /* Project object */;
			proxyType = 1;
			remoteGlobalIDString = 281830D41C9EA10F00CA2510;
			remoteInfo = "military calculator";
		};
/* End PBXContainerItemProxy section */

/* Begin PBXFileReference section */
		281830D51C9EA10F00CA2510 /* military calculator.app */ = {isa = PBXFileReference; explicitFileType = wrapper.application; includeInIndex = 0; path = "military calculator.app"; sourceTree = BUILT_PRODUCTS_DIR; };
		281830D81C9EA10F00CA2510 /* AppDelegate.swift */ = {isa = PBXFileReference; lastKnownFileType = sourcecode.swift; path = AppDelegate.swift; sourceTree = "<group>"; };
		281830DA1C9EA10F00CA2510 /* ViewController.swift */ = {isa = PBXFileReference; lastKnownFileType = sourcecode.swift; path = ViewController.swift; sourceTree = "<group>"; };
		281830DD1C9EA10F00CA2510 /* Base */ = {isa = PBXFileReference; lastKnownFileType = file.storyboard; name = Base; path = Base.lproj/Main.storyboard; sourceTree = "<group>"; };
		281830DF1C9EA10F00CA2510 /* Assets.xcassets */ = {isa = PBXFileReference; lastKnownFileType = folder.assetcatalog; path = Assets.xcassets; sourceTree = "<group>"; };
		281830E21C9EA10F00CA2510 /* Base */ = {isa = PBXFileReference; lastKnownFileType = file.storyboard; name = Base; path = Base.lproj/LaunchScreen.storyboard; sourceTree = "<group>"; };
		281830E41C9EA10F00CA2510 /* Info.plist */ = {isa = PBXFileReference; lastKnownFileType = text.plist.xml; path = Info.plist; sourceTree = "<group>"; };
		281830E91C9EA10F00CA2510 /* military calculatorTests.xctest */ = {isa = PBXFileReference; explicitFileType = wrapper.cfbundle; includeInIndex = 0; path = "military calculatorTests.xctest"; sourceTree = BUILT_PRODUCTS_DIR; };
		281830ED1C9EA10F00CA2510 /* military_calculatorTests.swift */ = {isa = PBXFileReference; lastKnownFileType = sourcecode.swift; path = military_calculatorTests.swift; sourceTree = "<group>"; };
		281830EF1C9EA10F00CA2510 /* Info.plist */ = {isa = PBXFileReference; lastKnownFileType = text.plist.xml; path = Info.plist; sourceTree = "<group>"; };
		281830F41C9EA10F00CA2510 /* military calculatorUITests.xctest */ = {isa = PBXFileReference; explicitFileType = wrapper.cfbundle; includeInIndex = 0; path = "military calculatorUITests.xctest"; sourceTree = BUILT_PRODUCTS_DIR; };
		281830F81C9EA10F00CA2510 /* military_calculatorUITests.swift */ = {isa = PBXFileReference; lastKnownFileType = sourcecode.swift; path = military_calculatorUITests.swift; sourceTree = "<group>"; };
		281830FA1C9EA10F00CA2510 /* Info.plist */ = {isa = PBXFileReference; lastKnownFileType = text.plist.xml; path = Info.plist; sourceTree = "<group>"; };
/* End PBXFileReference section */

/* Begin PBXFrameworksBuildPhase section */
		281830D21C9EA10F00CA2510 /* Frameworks */ = {
			isa = PBXFrameworksBuildPhase;
			buildActionMask = 2147483647;
			files = (
			);
			runOnlyForDeploymentPostprocessing = 0;
		};
		281830E61C9EA10F00CA2510 /* Frameworks */ = {
			isa = PBXFrameworksBuildPhase;
			buildActionMask = 2147483647;
			files = (
			);
			runOnlyForDeploymentPostprocessing = 0;
		};
		281830F11C9EA10F00CA2510 /* Frameworks */ = {
			isa = PBXFrameworksBuildPhase;
			buildActionMask = 2147483647;
			files = (
			);
			runOnlyForDeploymentPostprocessing = 0;
		};
/* End PBXFrameworksBuildPhase section */

/* Begin PBXGroup section */
		281830CC1C9EA10F00CA2510 = {
			isa = PBXGroup;
			children = (
				281830D71C9EA10F00CA2510 /* military calculator */,
				281830EC1C9EA10F00CA2510 /* military calculatorTests */,
				281830F71C9EA10F00CA2510 /* military calculatorUITests */,
				281830D61C9EA10F00CA2510 /* Products */,
			);
			sourceTree = "<group>";
		};
		281830D61C9EA10F00CA2510 /* Products */ = {
			isa = PBXGroup;
			children = (
				281830D51C9EA10F00CA2510 /* military calculator.app */,
				281830E91C9EA10F00CA2510 /* military calculatorTests.xctest */,
				281830F41C9EA10F00CA2510 /* military calculatorUITests.xctest */,
			);
			name = Products;
			sourceTree = "<group>";
		};
		281830D71C9EA10F00CA2510 /* military calculator */ = {
			isa = PBXGroup;
			children = (
				281830D81C9EA10F00CA2510 /* AppDelegate.swift */,
				281830DA1C9EA10F00CA2510 /* ViewController.swift */,
				281830DC1C9EA10F00CA2510 /* Main.storyboard */,
				281830DF1C9EA10F00CA2510 /* Assets.xcassets */,
				281830E11C9EA10F00CA2510 /* LaunchScreen.storyboard */,
				281830E41C9EA10F00CA2510 /* Info.plist */,
			);
			path = "military calculator";
			sourceTree = "<group>";
		};
		281830EC1C9EA10F00CA2510 /* military calculatorTests */ = {
			isa = PBXGroup;
			children = (
				281830ED1C9EA10F00CA2510 /* military_calculatorTests.swift */,
				281830EF1C9EA10F00CA2510 /* Info.plist */,
			);
			path = "military calculatorTests";
			sourceTree = "<group>";
		};
		281830F71C9EA10F00CA2510 /* military calculatorUITests */ = {
			isa = PBXGroup;
			children = (
				281830F81C9EA10F00CA2510 /* military_calculatorUITests.swift */,
				281830FA1C9EA10F00CA2510 /* Info.plist */,
			);
			path = "military calculatorUITests";
			sourceTree = "<group>";
		};
/* End PBXGroup section */

/* Begin PBXNativeTarget section */
		281830D41C9EA10F00CA2510 /* military calculator */ = {
			isa = PBXNativeTarget;
			buildConfigurationList = 281830FD1C9EA10F00CA2510 /* Build configuration list for PBXNativeTarget "military calculator" */;
			buildPhases = (
				281830D11C9EA10F00CA2510 /* Sources */,
				281830D21C9EA10F00CA2510 /* Frameworks */,
				281830D31C9EA10F00CA2510 /* Resources */,
			);
			buildRules = (
			);
			dependencies = (
			);
			name = "military calculator";
			productName = "military calculator";
			productReference = 281830D51C9EA10F00CA2510 /* military calculator.app */;
			productType = "com.apple.product-type.application";
		};
		281830E81C9EA10F00CA2510 /* military calculatorTests */ = {
			isa = PBXNativeTarget;
			buildConfigurationList = 281831001C9EA10F00CA2510 /* Build configuration list for PBXNativeTarget "military calculatorTests" */;
			buildPhases = (
				281830E51C9EA10F00CA2510 /* Sources */,
				281830E61C9EA10F00CA2510 /* Frameworks */,
				281830E71C9EA10F00CA2510 /* Resources */,
			);
			buildRules = (
			);
			dependencies = (
				281830EB1C9EA10F00CA2510 /* PBXTargetDependency */,
			);
			name = "military calculatorTests";
			productName = "military calculatorTests";
			productReference = 281830E91C9EA10F00CA2510 /* military calculatorTests.xctest */;
			productType = "com.apple.product-type.bundle.unit-test";
		};
		281830F31C9EA10F00CA2510 /* military calculatorUITests */ = {
			isa = PBXNativeTarget;
			buildConfigurationList = 281831031C9EA10F00CA2510 /* Build configuration list for PBXNativeTarget "military calculatorUITests" */;
			buildPhases = (
				281830F01C9EA10F00CA2510 /* Sources */,
				281830F11C9EA10F00CA2510 /* Frameworks */,
				281830F21C9EA10F00CA2510 /* Resources */,
			);
			buildRules = (
			);
			dependencies = (
				281830F61C9EA10F00CA2510 /* PBXTargetDependency */,
			);
			name = "military calculatorUITests";
			productName = "military calculatorUITests";
			productReference = 281830F41C9EA10F00CA2510 /* military calculatorUITests.xctest */;
			productType = "com.apple.product-type.bundle.ui-testing";
		};
/* End PBXNativeTarget section */

/* Begin PBXProject section */
		281830CD1C9EA10F00CA2510 /* Project object */ = {
			isa = PBXProject;
			attributes = {
				LastSwiftUpdateCheck = 0720;
				LastUpgradeCheck = 0720;
				ORGANIZATIONNAME = ABC;
				TargetAttributes = {
					281830D41C9EA10F00CA2510 = {
						CreatedOnToolsVersion = 7.2;
					};
					281830E81C9EA10F00CA2510 = {
						CreatedOnToolsVersion = 7.2;
						TestTargetID = 281830D41C9EA10F00CA2510;
					};
					281830F31C9EA10F00CA2510 = {
						CreatedOnToolsVersion = 7.2;
						TestTargetID = 281830D41C9EA10F00CA2510;
					};
				};
			};
			buildConfigurationList = 281830D01C9EA10F00CA2510 /* Build configuration list for PBXProject "military calculator" */;
			compatibilityVersion = "Xcode 3.2";
			developmentRegion = English;
			hasScannedForEncodings = 0;
			knownRegions = (
				en,
				Base,
			);
			mainGroup = 281830CC1C9EA10F00CA2510;
			productRefGroup = 281830D61C9EA10F00CA2510 /* Products */;
			projectDirPath = "";
			projectRoot = "";
			targets = (
				281830D41C9EA10F00CA2510 /* military calculator */,
				281830E81C9EA10F00CA2510 /* military calculatorTests */,
				281830F31C9EA10F00CA2510 /* military calculatorUITests */,
			);
		};
/* End PBXProject section */

/* Begin PBXResourcesBuildPhase section */
		281830D31C9EA10F00CA2510 /* Resources */ = {
			isa = PBXResourcesBuildPhase;
			buildActionMask = 2147483647;
			files = (
				281830E31C9EA10F00CA2510 /* LaunchScreen.storyboard in Resources */,
				281830E01C9EA10F00CA2510 /* Assets.xcassets in Resources */,
				281830DE1C9EA10F00CA2510 /* Main.storyboard in Resources */,
			);
			runOnlyForDeploymentPostprocessing = 0;
		};
		281830E71C9EA10F00CA2510 /* Resources */ = {
			isa = PBXResourcesBuildPhase;
			buildActionMask = 2147483647;
			files = (
			);
			runOnlyForDeploymentPostprocessing = 0;
		};
		281830F21C9EA10F00CA2510 /* Resources */ = {
			isa = PBXResourcesBuildPhase;
			buildActionMask = 2147483647;
			files = (
			);
			runOnlyForDeploymentPostprocessing = 0;
		};
/* End PBXResourcesBuildPhase section */

/* Begin PBXSourcesBuildPhase section */
		281830D11C9EA10F00CA2510 /* Sources */ = {
			isa = PBXSourcesBuildPhase;
			buildActionMask = 2147483647;
			files = (
				281830DB1C9EA10F00CA2510 /* ViewController.swift in Sources */,
				281830D91C9EA10F00CA2510 /* AppDelegate.swift in Sources */,
			);
			runOnlyForDeploymentPostprocessing = 0;
		};
		281830E51C9EA10F00CA2510 /* Sources */ = {
			isa = PBXSourcesBuildPhase;
			buildActionMask = 2147483647;
			files = (
				281830EE1C9EA10F00CA2510 /* military_calculatorTests.swift in Sources */,
			);
			runOnlyForDeploymentPostprocessing = 0;
		};
		281830F01C9EA10F00CA2510 /* Sources */ = {
			isa = PBXSourcesBuildPhase;
			buildActionMask = 2147483647;
			files = (
				281830F91C9EA10F00CA2510 /* military_calculatorUITests.swift in Sources */,
			);
			runOnlyForDeploymentPostprocessing = 0;
		};
/* End PBXSourcesBuildPhase section */

/* Begin PBXTargetDependency section */
		281830EB1C9EA10F00CA2510 /* PBXTargetDependency */ = {
			isa = PBXTargetDependency;
			target = 281830D41C9EA10F00CA2510 /* military calculator */;
			targetProxy = 281830EA1C9EA10F00CA2510 /* PBXContainerItemProxy */;
		};
		281830F61C9EA10F00CA2510 /* PBXTargetDependency */ = {
			isa = PBXTargetDependency;
			target = 281830D41C9EA10F00CA2510 /* military calculator */;
			targetProxy = 281830F51C9EA10F00CA2510 /* PBXContainerItemProxy */;
		};
/* End PBXTargetDependency section */

/* Begin PBXVariantGroup section */
		281830DC1C9EA10F00CA2510 /* Main.storyboard */ = {
			isa = PBXVariantGroup;
			children = (
				281830DD1C9EA10F00CA2510 /* Base */,
			);
			name = Main.storyboard;
			sourceTree = "<group>";
		};
		281830E11C9EA10F00CA2510 /* LaunchScreen.storyboard */ = {
			isa = PBXVariantGroup;
			children = (
				281830E21C9EA10F00CA2510 /* Base */,
			);
			name = LaunchScreen.storyboard;
			sourceTree = "<group>";
		};
/* End PBXVariantGroup section */

/* Begin XCBuildConfiguration section */
		281830FB1C9EA10F00CA2510 /* Debug */ = {
			isa = XCBuildConfiguration;
			buildSettings = {
				ALWAYS_SEARCH_USER_PATHS = NO;
				CLANG_CXX_LANGUAGE_STANDARD = "gnu++0x";
				CLANG_CXX_LIBRARY = "libc++";
				CLANG_ENABLE_MODULES = YES;
				CLANG_ENABLE_OBJC_ARC = YES;
				CLANG_WARN_BOOL_CONVERSION = YES;
				CLANG_WARN_CONSTANT_CONVERSION = YES;
				CLANG_WARN_DIRECT_OBJC_ISA_USAGE = YES_ERROR;
				CLANG_WARN_EMPTY_BODY = YES;
				CLANG_WARN_ENUM_CONVERSION = YES;
				CLANG_WARN_INT_CONVERSION = YES;
				CLANG_WARN_OBJC_ROOT_CLASS = YES_ERROR;
				CLANG_WARN_UNREACHABLE_CODE = YES;
				CLANG_WARN__DUPLICATE_METHOD_MATCH = YES;
				"CODE_SIGN_IDENTITY[sdk=iphoneos*]" = "iPhone Developer";
				COPY_PHASE_STRIP = NO;
				DEBUG_INFORMATION_FORMAT = dwarf;
				ENABLE_STRICT_OBJC_MSGSEND = YES;
				ENABLE_TESTABILITY = YES;
				GCC_C_LANGUAGE_STANDARD = gnu99;
				GCC_DYNAMIC_NO_PIC = NO;
				GCC_NO_COMMON_BLOCKS = YES;
				GCC_OPTIMIZATION_LEVEL = 0;
				GCC_PREPROCESSOR_DEFINITIONS = (
					"DEBUG=1",
					"$(inherited)",
				);
				GCC_WARN_64_TO_32_BIT_CONVERSION = YES;
				GCC_WARN_ABOUT_RETURN_TYPE = YES_ERROR;
				GCC_WARN_UNDECLARED_SELECTOR = YES;
				GCC_WARN_UNINITIALIZED_AUTOS = YES_AGGRESSIVE;
				GCC_WARN_UNUSED_FUNCTION = YES;
				GCC_WARN_UNUSED_VARIABLE = YES;
				IPHONEOS_DEPLOYMENT_TARGET = 9.2;
				MTL_ENABLE_DEBUG_INFO = YES;
				ONLY_ACTIVE_ARCH = YES;
				SDKROOT = iphoneos;
				SWIFT_OPTIMIZATION_LEVEL = "-Onone";
				TARGETED_DEVICE_FAMILY = "1,2";
			};
			name = Debug;
		};
		281830FC1C9EA10F00CA2510 /* Release */ = {
			isa = XCBuildConfiguration;
			buildSettings = {
				ALWAYS_SEARCH_USER_PATHS = NO;
				CLANG_CXX_LANGUAGE_STANDARD = "gnu++0x";
				CLANG_CXX_LIBRARY = "libc++";
				CLANG_ENABLE_MODULES = YES;
				CLANG_ENABLE_OBJC_ARC = YES;
				CLANG_WARN_BOOL_CONVERSION = YES;
				CLANG_WARN_CONSTANT_CONVERSION = YES;
				CLANG_WARN_DIRECT_OBJC_ISA_USAGE = YES_ERROR;
				CLANG_WARN_EMPTY_BODY = YES;
				CLANG_WARN_ENUM_CONVERSION = YES;
				CLANG_WARN_INT_CONVERSION = YES;
				CLANG_WARN_OBJC_ROOT_CLASS = YES_ERROR;
				CLANG_WARN_UNREACHABLE_CODE = YES;
				CLANG_WARN__DUPLICATE_METHOD_MATCH = YES;
				"CODE_SIGN_IDENTITY[sdk=iphoneos*]" = "iPhone Developer";
				COPY_PHASE_STRIP = NO;
				DEBUG_INFORMATION_FORMAT = "dwarf-with-dsym";
				ENABLE_NS_ASSERTIONS = NO;
				ENABLE_STRICT_OBJC_MSGSEND = YES;
				GCC_C_LANGUAGE_STANDARD = gnu99;
				GCC_NO_COMMON_BLOCKS = YES;
				GCC_WARN_64_TO_32_BIT_CONVERSION = YES;
				GCC_WARN_ABOUT_RETURN_TYPE = YES_ERROR;
				GCC_WARN_UNDECLARED_SELECTOR = YES;
				GCC_WARN_UNINITIALIZED_AUTOS = YES_AGGRESSIVE;
				GCC_WARN_UNUSED_FUNCTION = YES;
				GCC_WARN_UNUSED_VARIABLE = YES;
				IPHONEOS_DEPLOYMENT_TARGET = 9.2;
				MTL_ENABLE_DEBUG_INFO = NO;
				SDKROOT = iphoneos;
				TARGETED_DEVICE_FAMILY = "1,2";
				VALIDATE_PRODUCT = YES;
			};
			name = Release;
		};
		281830FE1C9EA10F00CA2510 /* Debug */ = {
			isa = XCBuildConfiguration;
			buildSettings = {
				ASSETCATALOG_COMPILER_APPICON_NAME = AppIcon;
				INFOPLIST_FILE = "military calculator/Info.plist";
				LD_RUNPATH_SEARCH_PATHS = "$(inherited) @executable_path/Frameworks";
				PRODUCT_BUNDLE_IDENTIFIER = "com.eunjoo.military-calculator";
				PRODUCT_NAME = "$(TARGET_NAME)";
			};
			name = Debug;
		};
		281830FF1C9EA10F00CA2510 /* Release */ = {
			isa = XCBuildConfiguration;
			buildSettings = {
				ASSETCATALOG_COMPILER_APPICON_NAME = AppIcon;
				INFOPLIST_FILE = "military calculator/Info.plist";
				LD_RUNPATH_SEARCH_PATHS = "$(inherited) @executable_path/Frameworks";
				PRODUCT_BUNDLE_IDENTIFIER = "com.eunjoo.military-calculator";
				PRODUCT_NAME = "$(TARGET_NAME)";
			};
			name = Release;
		};
		281831011C9EA10F00CA2510 /* Debug */ = {
			isa = XCBuildConfiguration;
			buildSettings = {
				BUNDLE_LOADER = "$(TEST_HOST)";
				INFOPLIST_FILE = "military calculatorTests/Info.plist";
				LD_RUNPATH_SEARCH_PATHS = "$(inherited) @executable_path/Frameworks @loader_path/Frameworks";
				PRODUCT_BUNDLE_IDENTIFIER = "com.eunjoo.military-calculatorTests";
				PRODUCT_NAME = "$(TARGET_NAME)";
				TEST_HOST = "$(BUILT_PRODUCTS_DIR)/military calculator.app/military calculator";
			};
			name = Debug;
		};
		281831021C9EA10F00CA2510 /* Release */ = {
			isa = XCBuildConfiguration;
			buildSettings = {
				BUNDLE_LOADER = "$(TEST_HOST)";
				INFOPLIST_FILE = "military calculatorTests/Info.plist";
				LD_RUNPATH_SEARCH_PATHS = "$(inherited) @executable_path/Frameworks @loader_path/Frameworks";
				PRODUCT_BUNDLE_IDENTIFIER = "com.eunjoo.military-calculatorTests";
				PRODUCT_NAME = "$(TARGET_NAME)";
				TEST_HOST = "$(BUILT_PRODUCTS_DIR)/military calculator.app/military calculator";
			};
			name = Release;
		};
		281831041C9EA10F00CA2510 /* Debug */ = {
			isa = XCBuildConfiguration;
			buildSettings = {
				INFOPLIST_FILE = "military calculatorUITests/Info.plist";
				LD_RUNPATH_SEARCH_PATHS = "$(inherited) @executable_path/Frameworks @loader_path/Frameworks";
				PRODUCT_BUNDLE_IDENTIFIER = "com.eunjoo.military-calculatorUITests";
				PRODUCT_NAME = "$(TARGET_NAME)";
				TEST_TARGET_NAME = "military calculator";
				USES_XCTRUNNER = YES;
			};
			name = Debug;
		};
		281831051C9EA10F00CA2510 /* Release */ = {
			isa = XCBuildConfiguration;
			buildSettings = {
				INFOPLIST_FILE = "military calculatorUITests/Info.plist";
				LD_RUNPATH_SEARCH_PATHS = "$(inherited) @executable_path/Frameworks @loader_path/Frameworks";
				PRODUCT_BUNDLE_IDENTIFIER = "com.eunjoo.military-calculatorUITests";
				PRODUCT_NAME = "$(TARGET_NAME)";
				TEST_TARGET_NAME = "military calculator";
				USES_XCTRUNNER = YES;
			};
			name = Release;
		};
/* End XCBuildConfiguration section */

/* Begin XCConfigurationList section */
		281830D01C9EA10F00CA2510 /* Build configuration list for PBXProject "military calculator" */ = {
			isa = XCConfigurationList;
			buildConfigurations = (
				281830FB1C9EA10F00CA2510 /* Debug */,
				281830FC1C9EA10F00CA2510 /* Release */,
			);
			defaultConfigurationIsVisible = 0;
			defaultConfigurationName = Release;
		};
		281830FD1C9EA10F00CA2510 /* Build configuration list for PBXNativeTarget "military calculator" */ = {
			isa = XCConfigurationList;
			buildConfigurations = (
				281830FE1C9EA10F00CA2510 /* Debug */,
				281830FF1C9EA10F00CA2510 /* Release */,
			);
			defaultConfigurationIsVisible = 0;
		};
		281831001C9EA10F00CA2510 /* Build configuration list for PBXNativeTarget "military calculatorTests" */ = {
			isa = XCConfigurationList;
			buildConfigurations = (
				281831011C9EA10F00CA2510 /* Debug */,
				281831021C9EA10F00CA2510 /* Release */,
			);
			defaultConfigurationIsVisible = 0;
		};
		281831031C9EA10F00CA2510 /* Build configuration list for PBXNativeTarget "military calculatorUITests" */ = {
			isa = XCConfigurationList;
			buildConfigurations = (
				281831041C9EA10F00CA2510 /* Debug */,
				281831051C9EA10F00CA2510 /* Release */,
			);
			defaultConfigurationIsVisible = 0;
		};
/* End XCConfigurationList section */
	};
	rootObject = 281830CD1C9EA10F00CA2510 /* Project object */;
}
